
Microsoft Visual Studio Solution File, Format Version 12.00
# Visual Studio Version 16
VisualStudioVersion = 16.0.31402.337
MinimumVisualStudioVersion = 10.0.40219.1
Project("{FAE04EC0-301F-11D3-BF4B-00C04F79EFBC}") = "Observer", "Observer.csproj", "{2F9E0C27-0DEC-454F-9534-7B426E15AC0A}"
EndProject
Global
	GlobalSection(SolutionConfigurationPlatforms) = preSolution
		Debug|Any CPU = Debug|Any CPU
		Release|Any CPU = Release|Any CPU
	EndGlobalSection
	GlobalSection(ProjectConfigurationPlatforms) = postSolution
		{2F9E0C27-0DEC-454F-9534-7B426E15AC0A}.Debug|Any CPU.ActiveCfg = Debug|Any CPU
		{2F9E0C27-0DEC-454F-9534-7B426E15AC0A}.Debug|Any CPU.Build.0 = Debug|Any CPU
		{2F9E0C27-0DEC-454F-9534-7B426E15AC0A}.Release|Any CPU.ActiveCfg = Release|Any CPU
		{2F9E0C27-0DEC-454F-9534-7B426E15AC0A}.Release|Any CPU.Build.0 = Release|Any CPU
	EndGlobalSection
	GlobalSection(SolutionProperties) = preSolution
		HideSolutionNode = FALSE
	EndGlobalSection
	GlobalSection(ExtensibilityGlobals) = postSolution
		SolutionGuid = {73D6E487-1EC1-4293-B2BF-592180AC6003}
	EndGlobalSection
EndGlobal
