
Microsoft Visual Studio Solution File, Format Version 12.00
# Visual Studio Version 16
VisualStudioVersion = 16.0.31402.337
MinimumVisualStudioVersion = 10.0.40219.1
Project("{FAE04EC0-301F-11D3-BF4B-00C04F79EFBC}") = "Command", "Command.csproj", "{131E2281-5404-43B7-9B3B-F7BF9616968F}"
EndProject
Global
	GlobalSection(SolutionConfigurationPlatforms) = preSolution
		Debug|Any CPU = Debug|Any CPU
		Release|Any CPU = Release|Any CPU
	EndGlobalSection
	GlobalSection(ProjectConfigurationPlatforms) = postSolution
		{131E2281-5404-43B7-9B3B-F7BF9616968F}.Debug|Any CPU.ActiveCfg = Debug|Any CPU
		{131E2281-5404-43B7-9B3B-F7BF9616968F}.Debug|Any CPU.Build.0 = Debug|Any CPU
		{131E2281-5404-43B7-9B3B-F7BF9616968F}.Release|Any CPU.ActiveCfg = Release|Any CPU
		{131E2281-5404-43B7-9B3B-F7BF9616968F}.Release|Any CPU.Build.0 = Release|Any CPU
	EndGlobalSection
	GlobalSection(SolutionProperties) = preSolution
		HideSolutionNode = FALSE
	EndGlobalSection
	GlobalSection(ExtensibilityGlobals) = postSolution
		SolutionGuid = {8C63637A-C54B-4B20-9382-8AC50129E56F}
	EndGlobalSection
EndGlobal
