
Microsoft Visual Studio Solution File, Format Version 12.00
# Visual Studio Version 16
VisualStudioVersion = 16.0.31402.337
MinimumVisualStudioVersion = 10.0.40219.1
Project("{FAE04EC0-301F-11D3-BF4B-00C04F79EFBC}") = "Visitor", "Visitor.csproj", "{D6A85142-E8A8-46C9-94B9-3CD94C2DC38D}"
EndProject
Global
	GlobalSection(SolutionConfigurationPlatforms) = preSolution
		Debug|Any CPU = Debug|Any CPU
		Release|Any CPU = Release|Any CPU
	EndGlobalSection
	GlobalSection(ProjectConfigurationPlatforms) = postSolution
		{D6A85142-E8A8-46C9-94B9-3CD94C2DC38D}.Debug|Any CPU.ActiveCfg = Debug|Any CPU
		{D6A85142-E8A8-46C9-94B9-3CD94C2DC38D}.Debug|Any CPU.Build.0 = Debug|Any CPU
		{D6A85142-E8A8-46C9-94B9-3CD94C2DC38D}.Release|Any CPU.ActiveCfg = Release|Any CPU
		{D6A85142-E8A8-46C9-94B9-3CD94C2DC38D}.Release|Any CPU.Build.0 = Release|Any CPU
	EndGlobalSection
	GlobalSection(SolutionProperties) = preSolution
		HideSolutionNode = FALSE
	EndGlobalSection
	GlobalSection(ExtensibilityGlobals) = postSolution
		SolutionGuid = {8EFB3E06-9215-4DBC-B6C8-224F7D3B7E95}
	EndGlobalSection
EndGlobal
