
Microsoft Visual Studio Solution File, Format Version 12.00
# Visual Studio Version 16
VisualStudioVersion = 16.0.31402.337
MinimumVisualStudioVersion = 10.0.40219.1
Project("{FAE04EC0-301F-11D3-BF4B-00C04F79EFBC}") = "Flyweight", "Flyweight.csproj", "{C18AA0A3-050D-4AEF-94CD-D2FCE1D2722D}"
EndProject
Global
	GlobalSection(SolutionConfigurationPlatforms) = preSolution
		Debug|Any CPU = Debug|Any CPU
		Release|Any CPU = Release|Any CPU
	EndGlobalSection
	GlobalSection(ProjectConfigurationPlatforms) = postSolution
		{C18AA0A3-050D-4AEF-94CD-D2FCE1D2722D}.Debug|Any CPU.ActiveCfg = Debug|Any CPU
		{C18AA0A3-050D-4AEF-94CD-D2FCE1D2722D}.Debug|Any CPU.Build.0 = Debug|Any CPU
		{C18AA0A3-050D-4AEF-94CD-D2FCE1D2722D}.Release|Any CPU.ActiveCfg = Release|Any CPU
		{C18AA0A3-050D-4AEF-94CD-D2FCE1D2722D}.Release|Any CPU.Build.0 = Release|Any CPU
	EndGlobalSection
	GlobalSection(SolutionProperties) = preSolution
		HideSolutionNode = FALSE
	EndGlobalSection
	GlobalSection(ExtensibilityGlobals) = postSolution
		SolutionGuid = {09126321-877E-4D74-83D2-C6FCA8F12AEA}
	EndGlobalSection
EndGlobal
