
Microsoft Visual Studio Solution File, Format Version 12.00
# Visual Studio Version 16
VisualStudioVersion = 16.0.31402.337
MinimumVisualStudioVersion = 10.0.40219.1
Project("{FAE04EC0-301F-11D3-BF4B-00C04F79EFBC}") = "Memento", "Memento.csproj", "{4E08C7BF-6276-489B-8890-D1EAA1FF6655}"
EndProject
Global
	GlobalSection(SolutionConfigurationPlatforms) = preSolution
		Debug|Any CPU = Debug|Any CPU
		Release|Any CPU = Release|Any CPU
	EndGlobalSection
	GlobalSection(ProjectConfigurationPlatforms) = postSolution
		{4E08C7BF-6276-489B-8890-D1EAA1FF6655}.Debug|Any CPU.ActiveCfg = Debug|Any CPU
		{4E08C7BF-6276-489B-8890-D1EAA1FF6655}.Debug|Any CPU.Build.0 = Debug|Any CPU
		{4E08C7BF-6276-489B-8890-D1EAA1FF6655}.Release|Any CPU.ActiveCfg = Release|Any CPU
		{4E08C7BF-6276-489B-8890-D1EAA1FF6655}.Release|Any CPU.Build.0 = Release|Any CPU
	EndGlobalSection
	GlobalSection(SolutionProperties) = preSolution
		HideSolutionNode = FALSE
	EndGlobalSection
	GlobalSection(ExtensibilityGlobals) = postSolution
		SolutionGuid = {1EA9729A-4A6C-4CBB-B1CB-D33E38CBA8F1}
	EndGlobalSection
EndGlobal
