
Microsoft Visual Studio Solution File, Format Version 12.00
# Visual Studio Version 16
VisualStudioVersion = 16.0.31402.337
MinimumVisualStudioVersion = 10.0.40219.1
Project("{FAE04EC0-301F-11D3-BF4B-00C04F79EFBC}") = "Proxy", "Proxy.csproj", "{E4852B36-E3FD-4DBB-BD1F-618A72B10F81}"
EndProject
Global
	GlobalSection(SolutionConfigurationPlatforms) = preSolution
		Debug|Any CPU = Debug|Any CPU
		Release|Any CPU = Release|Any CPU
	EndGlobalSection
	GlobalSection(ProjectConfigurationPlatforms) = postSolution
		{E4852B36-E3FD-4DBB-BD1F-618A72B10F81}.Debug|Any CPU.ActiveCfg = Debug|Any CPU
		{E4852B36-E3FD-4DBB-BD1F-618A72B10F81}.Debug|Any CPU.Build.0 = Debug|Any CPU
		{E4852B36-E3FD-4DBB-BD1F-618A72B10F81}.Release|Any CPU.ActiveCfg = Release|Any CPU
		{E4852B36-E3FD-4DBB-BD1F-618A72B10F81}.Release|Any CPU.Build.0 = Release|Any CPU
	EndGlobalSection
	GlobalSection(SolutionProperties) = preSolution
		HideSolutionNode = FALSE
	EndGlobalSection
	GlobalSection(ExtensibilityGlobals) = postSolution
		SolutionGuid = {843A67D9-1E94-47A0-99F9-03194AE62149}
	EndGlobalSection
EndGlobal
