
Microsoft Visual Studio Solution File, Format Version 12.00
# Visual Studio Version 16
VisualStudioVersion = 16.0.31402.337
MinimumVisualStudioVersion = 10.0.40219.1
Project("{FAE04EC0-301F-11D3-BF4B-00C04F79EFBC}") = "Iterator", "Iterator.csproj", "{6BBE11D4-8E36-407E-9DB2-A0251D8B3D7A}"
EndProject
Global
	GlobalSection(SolutionConfigurationPlatforms) = preSolution
		Debug|Any CPU = Debug|Any CPU
		Release|Any CPU = Release|Any CPU
	EndGlobalSection
	GlobalSection(ProjectConfigurationPlatforms) = postSolution
		{6BBE11D4-8E36-407E-9DB2-A0251D8B3D7A}.Debug|Any CPU.ActiveCfg = Debug|Any CPU
		{6BBE11D4-8E36-407E-9DB2-A0251D8B3D7A}.Debug|Any CPU.Build.0 = Debug|Any CPU
		{6BBE11D4-8E36-407E-9DB2-A0251D8B3D7A}.Release|Any CPU.ActiveCfg = Release|Any CPU
		{6BBE11D4-8E36-407E-9DB2-A0251D8B3D7A}.Release|Any CPU.Build.0 = Release|Any CPU
	EndGlobalSection
	GlobalSection(SolutionProperties) = preSolution
		HideSolutionNode = FALSE
	EndGlobalSection
	GlobalSection(ExtensibilityGlobals) = postSolution
		SolutionGuid = {1F323F57-9E74-47A9-80F1-EC60D8D91CA5}
	EndGlobalSection
EndGlobal
